// !$*UTF8*$!
{
	archiveVersion = 1;
	classes = {
	};
	objectVersion = 46;
	objects = {

/* Begin PBXBuildFile section */
		F726455015936697008514E8 /* UIKit.framework in Frameworks */ = {isa = PBXBuildFile; fileRef = F726454F15936697008514E8 /* UIKit.framework */; };
		F726455215936697008514E8 /* Foundation.framework in Frameworks */ = {isa = PBXBuildFile; fileRef = F726455115936697008514E8 /* Foundation.framework */; };
		F726455415936697008514E8 /* CoreGraphics.framework in Frameworks */ = {isa = PBXBuildFile; fileRef = F726455315936697008514E8 /* CoreGraphics.framework */; };
		F726455A15936697008514E8 /* InfoPlist.strings in Resources */ = {isa = PBXBuildFile; fileRef = F726455815936697008514E8 /* InfoPlist.strings */; };
		F726455C15936697008514E8 /* main.m in Sources */ = {isa = PBXBuildFile; fileRef = F726455B15936697008514E8 /* main.m */; };
		F726456015936697008514E8 /* AppDelegate.m in Sources */ = {isa = PBXBuildFile; fileRef = F726455F15936697008514E8 /* AppDelegate.m */; };
		F726456315936697008514E8 /* MainStoryboard.storyboard in Resources */ = {isa = PBXBuildFile; fileRef = F726456115936697008514E8 /* MainStoryboard.storyboard */; };
		F726456615936697008514E8 /* MyViewController.m in Sources */ = {isa = PBXBuildFile; fileRef = F726456515936697008514E8 /* MyViewController.m */; };
		F799B6391594C849008C3728 /* NewTreeViewController.m in Sources */ = {isa = PBXBuildFile; fileRef = F799B6381594C849008C3728 /* NewTreeViewController.m */; };
		F7A62B141594BAD300B873C1 /* TreeContainer.m in Sources */ = {isa = PBXBuildFile; fileRef = F7A62B131594BAD300B873C1 /* TreeContainer.m */; };
		F7A62B181594BAFD00B873C1 /* Tree.m in Sources */ = {isa = PBXBuildFile; fileRef = F7A62B171594BAFD00B873C1 /* Tree.m */; };
/* End PBXBuildFile section */

/* Begin PBXFileReference section */
		F726454B15936697008514E8 /* TableViews 1.app */ = {isa = PBXFileReference; explicitFileType = wrapper.application; includeInIndex = 0; path = "TableViews 1.app"; sourceTree = BUILT_PRODUCTS_DIR; };
		F726454F15936697008514E8 /* UIKit.framework */ = {isa = PBXFileReference; lastKnownFileType = wrapper.framework; name = UIKit.framework; path = System/Library/Frameworks/UIKit.framework; sourceTree = SDKROOT; };
		F726455115936697008514E8 /* Foundation.framework */ = {isa = PBXFileReference; lastKnownFileType = wrapper.framework; name = Foundation.framework; path = System/Library/Frameworks/Foundation.framework; sourceTree = SDKROOT; };
		F726455315936697008514E8 /* CoreGraphics.framework */ = {isa = PBXFileReference; lastKnownFileType = wrapper.framework; name = CoreGraphics.framework; path = System/Library/Frameworks/CoreGraphics.framework; sourceTree = SDKROOT; };
		F726455715936697008514E8 /* TableViews 1-Info.plist */ = {isa = PBXFileReference; lastKnownFileType = text.plist.xml; path = "TableViews 1-Info.plist"; sourceTree = "<group>"; };
		F726455915936697008514E8 /* en */ = {isa = PBXFileReference; lastKnownFileType = text.plist.strings; name = en; path = en.lproj/InfoPlist.strings; sourceTree = "<group>"; };
		F726455B15936697008514E8 /* main.m */ = {isa = PBXFileReference; lastKnownFileType = sourcecode.c.objc; path = main.m; sourceTree = "<group>"; };
		F726455D15936697008514E8 /* TableViews 1-Prefix.pch */ = {isa = PBXFileReference; lastKnownFileType = sourcecode.c.h; path = "TableViews 1-Prefix.pch"; sourceTree = "<group>"; };
		F726455E15936697008514E8 /* AppDelegate.h */ = {isa = PBXFileReference; lastKnownFileType = sourcecode.c.h; path = AppDelegate.h; sourceTree = "<group>"; };
		F726455F15936697008514E8 /* AppDelegate.m */ = {isa = PBXFileReference; lastKnownFileType = sourcecode.c.objc; path = AppDelegate.m; sourceTree = "<group>"; };
		F726456215936697008514E8 /* en */ = {isa = PBXFileReference; lastKnownFileType = file.storyboard; name = en; path = en.lproj/MainStoryboard.storyboard; sourceTree = "<group>"; };
		F726456415936697008514E8 /* MyViewController.h */ = {isa = PBXFileReference; lastKnownFileType = sourcecode.c.h; path = MyViewController.h; sourceTree = "<group>"; };
		F726456515936697008514E8 /* MyViewController.m */ = {isa = PBXFileReference; lastKnownFileType = sourcecode.c.objc; path = MyViewController.m; sourceTree = "<group>"; };
		F799B6371594C849008C3728 /* NewTreeViewController.h */ = {isa = PBXFileReference; fileEncoding = 4; lastKnownFileType = sourcecode.c.h; path = NewTreeViewController.h; sourceTree = "<group>"; };
		F799B6381594C849008C3728 /* NewTreeViewController.m */ = {isa = PBXFileReference; fileEncoding = 4; lastKnownFileType = sourcecode.c.objc; path = NewTreeViewController.m; sourceTree = "<group>"; };
		F7A62B121594BAD300B873C1 /* TreeContainer.h */ = {isa = PBXFileReference; fileEncoding = 4; lastKnownFileType = sourcecode.c.h; path = TreeContainer.h; sourceTree = "<group>"; };
		F7A62B131594BAD300B873C1 /* TreeContainer.m */ = {isa = PBXFileReference; fileEncoding = 4; lastKnownFileType = sourcecode.c.objc; path = TreeContainer.m; sourceTree = "<group>"; };
		F7A62B161594BAFD00B873C1 /* Tree.h */ = {isa = PBXFileReference; fileEncoding = 4; lastKnownFileType = sourcecode.c.h; path = Tree.h; sourceTree = "<group>"; };
		F7A62B171594BAFD00B873C1 /* Tree.m */ = {isa = PBXFileReference; fileEncoding = 4; lastKnownFileType = sourcecode.c.objc; path = Tree.m; sourceTree = "<group>"; };
/* End PBXFileReference section */

/* Begin PBXFrameworksBuildPhase section */
		F726454815936697008514E8 /* Frameworks */ = {
			isa = PBXFrameworksBuildPhase;
			buildActionMask = 2147483647;
			files = (
				F726455015936697008514E8 /* UIKit.framework in Frameworks */,
				F726455215936697008514E8 /* Foundation.framework in Frameworks */,
				F726455415936697008514E8 /* CoreGraphics.framework in Frameworks */,
			);
			runOnlyForDeploymentPostprocessing = 0;
		};
/* End PBXFrameworksBuildPhase section */

/* Begin PBXGroup section */
		F726454015936697008514E8 = {
			isa = PBXGroup;
			children = (
				F726455515936697008514E8 /* TableViews 1 */,
				F726454E15936697008514E8 /* Frameworks */,
				F726454C15936697008514E8 /* Products */,
			);
			sourceTree = "<group>";
		};
		F726454C15936697008514E8 /* Products */ = {
			isa = PBXGroup;
			children = (
				F726454B15936697008514E8 /* TableViews 1.app */,
			);
			name = Products;
			sourceTree = "<group>";
		};
		F726454E15936697008514E8 /* Frameworks */ = {
			isa = PBXGroup;
			children = (
				F726454F15936697008514E8 /* UIKit.framework */,
				F726455115936697008514E8 /* Foundation.framework */,
				F726455315936697008514E8 /* CoreGraphics.framework */,
			);
			name = Frameworks;
			sourceTree = "<group>";
		};
		F726455515936697008514E8 /* TableViews 1 */ = {
			isa = PBXGroup;
			children = (
				F726456C159369FB008514E8 /* Views */,
				F726456D15936A03008514E8 /* Controllers */,
				F726456E15936EF6008514E8 /* Models */,
				F726455615936697008514E8 /* Supporting Files */,
			);
			path = "TableViews 1";
			sourceTree = "<group>";
		};
		F726455615936697008514E8 /* Supporting Files */ = {
			isa = PBXGroup;
			children = (
				F726455715936697008514E8 /* TableViews 1-Info.plist */,
				F726455815936697008514E8 /* InfoPlist.strings */,
				F726455B15936697008514E8 /* main.m */,
				F726455D15936697008514E8 /* TableViews 1-Prefix.pch */,
			);
			name = "Supporting Files";
			sourceTree = "<group>";
		};
		F726456C159369FB008514E8 /* Views */ = {
			isa = PBXGroup;
			children = (
				F726456115936697008514E8 /* MainStoryboard.storyboard */,
			);
			name = Views;
			sourceTree = "<group>";
		};
		F726456D15936A03008514E8 /* Controllers */ = {
			isa = PBXGroup;
			children = (
				F726455E15936697008514E8 /* AppDelegate.h */,
				F726455F15936697008514E8 /* AppDelegate.m */,
				F726456415936697008514E8 /* MyViewController.h */,
				F726456515936697008514E8 /* MyViewController.m */,
				F799B6371594C849008C3728 /* NewTreeViewController.h */,
				F799B6381594C849008C3728 /* NewTreeViewController.m */,
			);
			name = Controllers;
			sourceTree = "<group>";
		};
		F726456E15936EF6008514E8 /* Models */ = {
			isa = PBXGroup;
			children = (
				F7A62B121594BAD300B873C1 /* TreeContainer.h */,
				F7A62B131594BAD300B873C1 /* TreeContainer.m */,
				F7A62B161594BAFD00B873C1 /* Tree.h */,
				F7A62B171594BAFD00B873C1 /* Tree.m */,
			);
			name = Models;
			sourceTree = "<group>";
		};
/* End PBXGroup section */

/* Begin PBXNativeTarget section */
		F726454A15936697008514E8 /* TableViews 1 */ = {
			isa = PBXNativeTarget;
			buildConfigurationList = F726456915936697008514E8 /* Build configuration list for PBXNativeTarget "TableViews 1" */;
			buildPhases = (
				F726454715936697008514E8 /* Sources */,
				F726454815936697008514E8 /* Frameworks */,
				F726454915936697008514E8 /* Resources */,
			);
			buildRules = (
			);
			dependencies = (
			);
			name = "TableViews 1";
			productName = "TableViews 1";
			productReference = F726454B15936697008514E8 /* TableViews 1.app */;
			productType = "com.apple.product-type.application";
		};
/* End PBXNativeTarget section */

/* Begin PBXProject section */
		F726454215936697008514E8 /* Project object */ = {
			isa = PBXProject;
			attributes = {
				LastUpgradeCheck = 0430;
			};
			buildConfigurationList = F726454515936697008514E8 /* Build configuration list for PBXProject "TableViews 1" */;
			compatibilityVersion = "Xcode 3.2";
			developmentRegion = English;
			hasScannedForEncodings = 0;
			knownRegions = (
				en,
			);
			mainGroup = F726454015936697008514E8;
			productRefGroup = F726454C15936697008514E8 /* Products */;
			projectDirPath = "";
			projectRoot = "";
			targets = (
				F726454A15936697008514E8 /* TableViews 1 */,
			);
		};
/* End PBXProject section */

/* Begin PBXResourcesBuildPhase section */
		F726454915936697008514E8 /* Resources */ = {
			isa = PBXResourcesBuildPhase;
			buildActionMask = 2147483647;
			files = (
				F726455A15936697008514E8 /* InfoPlist.strings in Resources */,
				F726456315936697008514E8 /* MainStoryboard.storyboard in Resources */,
			);
			runOnlyForDeploymentPostprocessing = 0;
		};
/* End PBXResourcesBuildPhase section */

/* Begin PBXSourcesBuildPhase section */
		F726454715936697008514E8 /* Sources */ = {
			isa = PBXSourcesBuildPhase;
			buildActionMask = 2147483647;
			files = (
				F726455C15936697008514E8 /* main.m in Sources */,
				F726456015936697008514E8 /* AppDelegate.m in Sources */,
				F726456615936697008514E8 /* MyViewController.m in Sources */,
				F7A62B141594BAD300B873C1 /* TreeContainer.m in Sources */,
				F7A62B181594BAFD00B873C1 /* Tree.m in Sources */,
				F799B6391594C849008C3728 /* NewTreeViewController.m in Sources */,
			);
			runOnlyForDeploymentPostprocessing = 0;
		};
/* End PBXSourcesBuildPhase section */

/* Begin PBXVariantGroup section */
		F726455815936697008514E8 /* InfoPlist.strings */ = {
			isa = PBXVariantGroup;
			children = (
				F726455915936697008514E8 /* en */,
			);
			name = InfoPlist.strings;
			sourceTree = "<group>";
		};
		F726456115936697008514E8 /* MainStoryboard.storyboard */ = {
			isa = PBXVariantGroup;
			children = (
				F726456215936697008514E8 /* en */,
			);
			name = MainStoryboard.storyboard;
			sourceTree = "<group>";
		};
/* End PBXVariantGroup section */

/* Begin XCBuildConfiguration section */
		F726456715936697008514E8 /* Debug */ = {
			isa = XCBuildConfiguration;
			buildSettings = {
				ALWAYS_SEARCH_USER_PATHS = NO;
				ARCHS = "$(ARCHS_STANDARD_32_BIT)";
				CLANG_ENABLE_OBJC_ARC = YES;
				"CODE_SIGN_IDENTITY[sdk=iphoneos*]" = "iPhone Developer";
				COPY_PHASE_STRIP = NO;
				GCC_C_LANGUAGE_STANDARD = gnu99;
				GCC_DYNAMIC_NO_PIC = NO;
				GCC_OPTIMIZATION_LEVEL = 0;
				GCC_PREPROCESSOR_DEFINITIONS = (
					"DEBUG=1",
					"$(inherited)",
				);
				GCC_SYMBOLS_PRIVATE_EXTERN = NO;
				GCC_VERSION = com.apple.compilers.llvm.clang.1_0;
				GCC_WARN_ABOUT_RETURN_TYPE = YES;
				GCC_WARN_UNINITIALIZED_AUTOS = YES;
				GCC_WARN_UNUSED_VARIABLE = YES;
				IPHONEOS_DEPLOYMENT_TARGET = 5.1;
				SDKROOT = iphoneos;
			};
			name = Debug;
		};
		F726456815936697008514E8 /* Release */ = {
			isa = XCBuildConfiguration;
			buildSettings = {
				ALWAYS_SEARCH_USER_PATHS = NO;
				ARCHS = "$(ARCHS_STANDARD_32_BIT)";
				CLANG_ENABLE_OBJC_ARC = YES;
				"CODE_SIGN_IDENTITY[sdk=iphoneos*]" = "iPhone Developer";
				COPY_PHASE_STRIP = YES;
				GCC_C_LANGUAGE_STANDARD = gnu99;
				GCC_VERSION = com.apple.compilers.llvm.clang.1_0;
				GCC_WARN_ABOUT_RETURN_TYPE = YES;
				GCC_WARN_UNINITIALIZED_AUTOS = YES;
				GCC_WARN_UNUSED_VARIABLE = YES;
				IPHONEOS_DEPLOYMENT_TARGET = 5.1;
				OTHER_CFLAGS = "-DNS_BLOCK_ASSERTIONS=1";
				SDKROOT = iphoneos;
				VALIDATE_PRODUCT = YES;
			};
			name = Release;
		};
		F726456A15936697008514E8 /* Debug */ = {
			isa = XCBuildConfiguration;
			buildSettings = {
				GCC_PRECOMPILE_PREFIX_HEADER = YES;
				GCC_PREFIX_HEADER = "TableViews 1/TableViews 1-Prefix.pch";
				INFOPLIST_FILE = "TableViews 1/TableViews 1-Info.plist";
				PRODUCT_NAME = "$(TARGET_NAME)";
				WRAPPER_EXTENSION = app;
			};
			name = Debug;
		};
		F726456B15936697008514E8 /* Release */ = {
			isa = XCBuildConfiguration;
			buildSettings = {
				GCC_PRECOMPILE_PREFIX_HEADER = YES;
				GCC_PREFIX_HEADER = "TableViews 1/TableViews 1-Prefix.pch";
				INFOPLIST_FILE = "TableViews 1/TableViews 1-Info.plist";
				PRODUCT_NAME = "$(TARGET_NAME)";
				WRAPPER_EXTENSION = app;
			};
			name = Release;
		};
/* End XCBuildConfiguration section */

/* Begin XCConfigurationList section */
		F726454515936697008514E8 /* Build configuration list for PBXProject "TableViews 1" */ = {
			isa = XCConfigurationList;
			buildConfigurations = (
				F726456715936697008514E8 /* Debug */,
				F726456815936697008514E8 /* Release */,
			);
			defaultConfigurationIsVisible = 0;
			defaultConfigurationName = Release;
		};
		F726456915936697008514E8 /* Build configuration list for PBXNativeTarget "TableViews 1" */ = {
			isa = XCConfigurationList;
			buildConfigurations = (
				F726456A15936697008514E8 /* Debug */,
				F726456B15936697008514E8 /* Release */,
			);
			defaultConfigurationIsVisible = 0;
			defaultConfigurationName = Release;
		};
/* End XCConfigurationList section */
	};
	rootObject = F726454215936697008514E8 /* Project object */;
}
